<?xml version="1.0" encoding="utf-8"?>
<Project ToolsVersion="4.0" xmlns="http://schemas.microsoft.com/developer/msbuild/2003">
  <ItemGroup>
    <ClCompile Include="main.cpp" />
    <ClCompile Include="astar\astar.cpp">
      <Filter>astar</Filter>
    </ClCompile>
    <ClCompile Include="tests\test_astar.cpp">
      <Filter>tests</Filter>
    </ClCompile>
    <ClCompile Include="tests\test_timewheel.cpp">
      <Filter>tests</Filter>
    </ClCompile>
    <ClCompile Include="base\countdownlatch.cpp">
      <Filter>base</Filter>
    </ClCompile>
    <ClCompile Include="net\poller.cpp">
      <Filter>net</Filter>
    </ClCompile>
    <ClCompile Include="net\selectpoller.cpp">
      <Filter>net</Filter>
    </ClCompile>
    <ClCompile Include="net\channel.cpp">
      <Filter>net</Filter>
    </ClCompile>
    <ClCompile Include="base\tick.cpp">
      <Filter>base</Filter>
    </ClCompile>
    <ClCompile Include="base\systemtime.cpp">
      <Filter>base</Filter>
    </ClCompile>
    <ClCompile Include="base\file.cpp">
      <Filter>base</Filter>
    </ClCompile>
  </ItemGroup>
  <ItemGroup>
    <Filter Include="astar">
      <UniqueIdentifier>{807e0620-07cc-4c76-927d-7162659764eb}</UniqueIdentifier>
    </Filter>
    <Filter Include="tests">
      <UniqueIdentifier>{a68693b0-1faf-4740-9f2c-bb3706f19d12}</UniqueIdentifier>
    </Filter>
    <Filter Include="timewheel">
      <UniqueIdentifier>{78334306-78d3-4e3c-a30a-2b54cdb142c5}</UniqueIdentifier>
    </Filter>
    <Filter Include="base">
      <UniqueIdentifier>{04d948c9-f677-4125-b0b3-faab8008aeb4}</UniqueIdentifier>
    </Filter>
    <Filter Include="net">
      <UniqueIdentifier>{794661da-b112-43ce-961c-383f95fc34c7}</UniqueIdentifier>
    </Filter>
  </ItemGroup>
  <ItemGroup>
    <ClInclude Include="astar\astar.h">
      <Filter>astar</Filter>
    </ClInclude>
    <ClInclude Include="tests\test.h">
      <Filter>tests</Filter>
    </ClInclude>
    <ClInclude Include="timewheel\locked_queue.h">
      <Filter>timewheel</Filter>
    </ClInclude>
    <ClInclude Include="timewheel\thread_pool.h">
      <Filter>timewheel</Filter>
    </ClInclude>
    <ClInclude Include="timewheel\timewheel.h">
      <Filter>timewheel</Filter>
    </ClInclude>
    <ClInclude Include="base\noncopyable.h">
      <Filter>base</Filter>
    </ClInclude>
    <ClInclude Include="base\singleton.h">
      <Filter>base</Filter>
    </ClInclude>
    <ClInclude Include="base\countdownlatch.h">
      <Filter>base</Filter>
    </ClInclude>
    <ClInclude Include="net\poller.h">
      <Filter>net</Filter>
    </ClInclude>
    <ClInclude Include="net\channel.h">
      <Filter>net</Filter>
    </ClInclude>
    <ClInclude Include="base\threadpool.h">
      <Filter>base</Filter>
    </ClInclude>
    <ClInclude Include="base\lockedqueue.h">
      <Filter>base</Filter>
    </ClInclude>
    <ClInclude Include="net\selectpoller.h">
      <Filter>net</Filter>
    </ClInclude>
    <ClInclude Include="net\socketdatatype.h">
      <Filter>net</Filter>
    </ClInclude>
    <ClInclude Include="base\tick.h">
      <Filter>base</Filter>
    </ClInclude>
    <ClInclude Include="base\systemtime.h">
      <Filter>base</Filter>
    </ClInclude>
    <ClInclude Include="base\macro.h">
      <Filter>base</Filter>
    </ClInclude>
    <ClInclude Include="base\file.h">
      <Filter>base</Filter>
    </ClInclude>
  </ItemGroup>
</Project>